
Microsoft Visual Studio Solution File, Format Version 12.00
# Visual Studio Version 17
VisualStudioVersion = 17.14.36414.22
MinimumVisualStudioVersion = 10.0.40219.1
Project("{FAE04EC0-301F-11D3-BF4B-00C04F79EFBC}") = "HMS.Web", "HospitalManagementSystem\HMS.Web.csproj", "{8445C50E-AE64-4825-82CD-1D71BCAAF1EF}"
EndProject
Project("{FAE04EC0-301F-11D3-BF4B-00C04F79EFBC}") = "HMS.Domain", "HMS.Domain\HMS.Domain.csproj", "{1E242FA0-1348-4D26-9F9A-7B022A60BB6B}"
EndProject
Project("{FAE04EC0-301F-11D3-BF4B-00C04F79EFBC}") = "HMS.Application", "HMS.Application\HMS.Application.csproj", "{755A5C55-950A-44C6-94CB-397066641E5E}"
EndProject
Project("{FAE04EC0-301F-11D3-BF4B-00C04F79EFBC}") = "HMS.Infrastructure", "HMS.Infrastructure\HMS.Infrastructure.csproj", "{7C33F440-8F0E-4E67-82B6-310E74EC4E5E}"
EndProject
Project("{2150E333-8FDC-42A3-9474-1A3956D46DE8}") = "Solution Items", "Solution Items", "{8EC462FD-D22E-90A8-E5CE-7E832BA40C5D}"
	ProjectSection(SolutionItems) = preProject
		.gitignore = .gitignore
	EndProjectSection
EndProject
Global
	GlobalSection(SolutionConfigurationPlatforms) = preSolution
		Debug|Any CPU = Debug|Any CPU
		Release|Any CPU = Release|Any CPU
	EndGlobalSection
	GlobalSection(ProjectConfigurationPlatforms) = postSolution
		{8445C50E-AE64-4825-82CD-1D71BCAAF1EF}.Debug|Any CPU.ActiveCfg = Debug|Any CPU
		{8445C50E-AE64-4825-82CD-1D71BCAAF1EF}.Debug|Any CPU.Build.0 = Debug|Any CPU
		{8445C50E-AE64-4825-82CD-1D71BCAAF1EF}.Release|Any CPU.ActiveCfg = Release|Any CPU
		{8445C50E-AE64-4825-82CD-1D71BCAAF1EF}.Release|Any CPU.Build.0 = Release|Any CPU
		{1E242FA0-1348-4D26-9F9A-7B022A60BB6B}.Debug|Any CPU.ActiveCfg = Debug|Any CPU
		{1E242FA0-1348-4D26-9F9A-7B022A60BB6B}.Debug|Any CPU.Build.0 = Debug|Any CPU
		{1E242FA0-1348-4D26-9F9A-7B022A60BB6B}.Release|Any CPU.ActiveCfg = Release|Any CPU
		{1E242FA0-1348-4D26-9F9A-7B022A60BB6B}.Release|Any CPU.Build.0 = Release|Any CPU
		{755A5C55-950A-44C6-94CB-397066641E5E}.Debug|Any CPU.ActiveCfg = Debug|Any CPU
		{755A5C55-950A-44C6-94CB-397066641E5E}.Debug|Any CPU.Build.0 = Debug|Any CPU
		{755A5C55-950A-44C6-94CB-397066641E5E}.Release|Any CPU.ActiveCfg = Release|Any CPU
		{755A5C55-950A-44C6-94CB-397066641E5E}.Release|Any CPU.Build.0 = Release|Any CPU
		{7C33F440-8F0E-4E67-82B6-310E74EC4E5E}.Debug|Any CPU.ActiveCfg = Debug|Any CPU
		{7C33F440-8F0E-4E67-82B6-310E74EC4E5E}.Debug|Any CPU.Build.0 = Debug|Any CPU
		{7C33F440-8F0E-4E67-82B6-310E74EC4E5E}.Release|Any CPU.ActiveCfg = Release|Any CPU
		{7C33F440-8F0E-4E67-82B6-310E74EC4E5E}.Release|Any CPU.Build.0 = Release|Any CPU
	EndGlobalSection
	GlobalSection(SolutionProperties) = preSolution
		HideSolutionNode = FALSE
	EndGlobalSection
	GlobalSection(ExtensibilityGlobals) = postSolution
		SolutionGuid = {BDA765A4-A5A6-4E6C-8F84-3D7F3C191C07}
	EndGlobalSection
EndGlobal
